
Microsoft Visual Studio Solution File, Format Version 12.00
# Visual Studio Version 17
VisualStudioVersion = 17.0.32002.185
MinimumVisualStudioVersion = 10.0.40219.1
Project("{9A19103F-16F7-4668-BE54-9A1E7A4F7556}") = "Task1.NumberListWith2TwosInTernary", "HomeWork1\Task1.NumberListWith2TwosInTernary\Task1.NumberListWith2TwosInTernary.csproj", "{6BDD7210-B9FC-48A5-8793-C6133F2A3986}"
EndProject
Project("{2150E333-8FDC-42A3-9474-1A3956D46DE8}") = "HomeWork1", "HomeWork1", "{643AA6FC-3CD9-49FB-BD5A-8441CAF47699}"
EndProject
Project("{9A19103F-16F7-4668-BE54-9A1E7A4F7556}") = "Task2.ISBN.Number", "HomeWork1\Task2.ISBN.Number\Task2.ISBN.Number.csproj", "{D6C3BF54-CC89-4215-B35F-23FCF33BEA40}"
EndProject
Project("{9A19103F-16F7-4668-BE54-9A1E7A4F7556}") = "Task3.SumOfListElements", "HomeWork1\Task3.SumOfListElements\Task3.SumOfListElements.csproj", "{D43CF93F-5520-43CA-855C-B8CA082BDA14}"
EndProject
Project("{2150E333-8FDC-42A3-9474-1A3956D46DE8}") = "HomeWork5", "HomeWork5", "{B291A723-9981-41E9-AFEF-24E107F49474}"
EndProject
Project("{FAE04EC0-301F-11D3-BF4B-00C04F79EFBC}") = "Task1.SparseNumericMatrix", "Task1.SparseNumericMatrix\Task1.SparseNumericMatrix.csproj", "{B9E6FADB-DBD9-41FB-92F3-5BE4D10977BB}"
EndProject
Global
	GlobalSection(SolutionConfigurationPlatforms) = preSolution
		Debug|Any CPU = Debug|Any CPU
		Release|Any CPU = Release|Any CPU
	EndGlobalSection
	GlobalSection(ProjectConfigurationPlatforms) = postSolution
		{6BDD7210-B9FC-48A5-8793-C6133F2A3986}.Debug|Any CPU.ActiveCfg = Debug|Any CPU
		{6BDD7210-B9FC-48A5-8793-C6133F2A3986}.Debug|Any CPU.Build.0 = Debug|Any CPU
		{6BDD7210-B9FC-48A5-8793-C6133F2A3986}.Release|Any CPU.ActiveCfg = Release|Any CPU
		{6BDD7210-B9FC-48A5-8793-C6133F2A3986}.Release|Any CPU.Build.0 = Release|Any CPU
		{D6C3BF54-CC89-4215-B35F-23FCF33BEA40}.Debug|Any CPU.ActiveCfg = Debug|Any CPU
		{D6C3BF54-CC89-4215-B35F-23FCF33BEA40}.Debug|Any CPU.Build.0 = Debug|Any CPU
		{D6C3BF54-CC89-4215-B35F-23FCF33BEA40}.Release|Any CPU.ActiveCfg = Release|Any CPU
		{D6C3BF54-CC89-4215-B35F-23FCF33BEA40}.Release|Any CPU.Build.0 = Release|Any CPU
		{D43CF93F-5520-43CA-855C-B8CA082BDA14}.Debug|Any CPU.ActiveCfg = Debug|Any CPU
		{D43CF93F-5520-43CA-855C-B8CA082BDA14}.Debug|Any CPU.Build.0 = Debug|Any CPU
		{D43CF93F-5520-43CA-855C-B8CA082BDA14}.Release|Any CPU.ActiveCfg = Release|Any CPU
		{D43CF93F-5520-43CA-855C-B8CA082BDA14}.Release|Any CPU.Build.0 = Release|Any CPU
		{B9E6FADB-DBD9-41FB-92F3-5BE4D10977BB}.Debug|Any CPU.ActiveCfg = Debug|Any CPU
		{B9E6FADB-DBD9-41FB-92F3-5BE4D10977BB}.Debug|Any CPU.Build.0 = Debug|Any CPU
		{B9E6FADB-DBD9-41FB-92F3-5BE4D10977BB}.Release|Any CPU.ActiveCfg = Release|Any CPU
		{B9E6FADB-DBD9-41FB-92F3-5BE4D10977BB}.Release|Any CPU.Build.0 = Release|Any CPU
	EndGlobalSection
	GlobalSection(SolutionProperties) = preSolution
		HideSolutionNode = FALSE
	EndGlobalSection
	GlobalSection(NestedProjects) = preSolution
		{6BDD7210-B9FC-48A5-8793-C6133F2A3986} = {643AA6FC-3CD9-49FB-BD5A-8441CAF47699}
		{D6C3BF54-CC89-4215-B35F-23FCF33BEA40} = {643AA6FC-3CD9-49FB-BD5A-8441CAF47699}
		{D43CF93F-5520-43CA-855C-B8CA082BDA14} = {643AA6FC-3CD9-49FB-BD5A-8441CAF47699}
		{B9E6FADB-DBD9-41FB-92F3-5BE4D10977BB} = {B291A723-9981-41E9-AFEF-24E107F49474}
	EndGlobalSection
	GlobalSection(ExtensibilityGlobals) = postSolution
		SolutionGuid = {B0DD6C7D-EFC6-44B1-967E-0EBF104C2CE1}
	EndGlobalSection
EndGlobal
